
Microsoft Visual Studio Solution File, Format Version 12.00
# Visual Studio 15
VisualStudioVersion = 15.0.27428.2037
MinimumVisualStudioVersion = 10.0.40219.1
Project("{FAE04EC0-301F-11D3-BF4B-00C04F79EFBC}") = "MobilGame.Android", "MobilGame\MobilGame.Android\MobilGame.Android.csproj", "{BFAAD9EA-E16B-460C-960B-09669A5CF704}"
EndProject
Project("{FAE04EC0-301F-11D3-BF4B-00C04F79EFBC}") = "MobilGame.iOS", "MobilGame\MobilGame.iOS\MobilGame.iOS.csproj", "{58D2B320-EB41-490D-B84E-DF87784FC9E4}"
EndProject
Project("{D954291E-2A0B-460D-934E-DC6B0785DB48}") = "MobilGame", "MobilGame\MobilGame\MobilGame.shproj", "{EC288048-16A6-4A15-A5F5-A3EFB40CE3C4}"
EndProject
Global
	GlobalSection(SharedMSBuildProjectFiles) = preSolution
		MobilGame\MobilGame\MobilGame.projitems*{58d2b320-eb41-490d-b84e-df87784fc9e4}*SharedItemsImports = 4
		MobilGame\MobilGame\MobilGame.projitems*{bfaad9ea-e16b-460c-960b-09669a5cf704}*SharedItemsImports = 4
		MobilGame\MobilGame\MobilGame.projitems*{ec288048-16a6-4a15-a5f5-a3efb40ce3c4}*SharedItemsImports = 13
	EndGlobalSection
	GlobalSection(SolutionConfigurationPlatforms) = preSolution
		Ad-Hoc|Any CPU = Ad-Hoc|Any CPU
		Ad-Hoc|iPhone = Ad-Hoc|iPhone
		Ad-Hoc|iPhoneSimulator = Ad-Hoc|iPhoneSimulator
		AppStore|Any CPU = AppStore|Any CPU
		AppStore|iPhone = AppStore|iPhone
		AppStore|iPhoneSimulator = AppStore|iPhoneSimulator
		Debug|Any CPU = Debug|Any CPU
		Debug|iPhone = Debug|iPhone
		Debug|iPhoneSimulator = Debug|iPhoneSimulator
		Release|Any CPU = Release|Any CPU
		Release|iPhone = Release|iPhone
		Release|iPhoneSimulator = Release|iPhoneSimulator
	EndGlobalSection
	GlobalSection(ProjectConfigurationPlatforms) = postSolution
		{BFAAD9EA-E16B-460C-960B-09669A5CF704}.Ad-Hoc|Any CPU.ActiveCfg = Release|Any CPU
		{BFAAD9EA-E16B-460C-960B-09669A5CF704}.Ad-Hoc|Any CPU.Build.0 = Release|Any CPU
		{BFAAD9EA-E16B-460C-960B-09669A5CF704}.Ad-Hoc|Any CPU.Deploy.0 = Release|Any CPU
		{BFAAD9EA-E16B-460C-960B-09669A5CF704}.Ad-Hoc|iPhone.ActiveCfg = Release|Any CPU
		{BFAAD9EA-E16B-460C-960B-09669A5CF704}.Ad-Hoc|iPhone.Build.0 = Release|Any CPU
		{BFAAD9EA-E16B-460C-960B-09669A5CF704}.Ad-Hoc|iPhone.Deploy.0 = Release|Any CPU
		{BFAAD9EA-E16B-460C-960B-09669A5CF704}.Ad-Hoc|iPhoneSimulator.ActiveCfg = Release|Any CPU
		{BFAAD9EA-E16B-460C-960B-09669A5CF704}.Ad-Hoc|iPhoneSimulator.Build.0 = Release|Any CPU
		{BFAAD9EA-E16B-460C-960B-09669A5CF704}.Ad-Hoc|iPhoneSimulator.Deploy.0 = Release|Any CPU
		{BFAAD9EA-E16B-460C-960B-09669A5CF704}.AppStore|Any CPU.ActiveCfg = Release|Any CPU
		{BFAAD9EA-E16B-460C-960B-09669A5CF704}.AppStore|Any CPU.Build.0 = Release|Any CPU
		{BFAAD9EA-E16B-460C-960B-09669A5CF704}.AppStore|Any CPU.Deploy.0 = Release|Any CPU
		{BFAAD9EA-E16B-460C-960B-09669A5CF704}.AppStore|iPhone.ActiveCfg = Release|Any CPU
		{BFAAD9EA-E16B-460C-960B-09669A5CF704}.AppStore|iPhone.Build.0 = Release|Any CPU
		{BFAAD9EA-E16B-460C-960B-09669A5CF704}.AppStore|iPhone.Deploy.0 = Release|Any CPU
		{BFAAD9EA-E16B-460C-960B-09669A5CF704}.AppStore|iPhoneSimulator.ActiveCfg = Release|Any CPU
		{BFAAD9EA-E16B-460C-960B-09669A5CF704}.AppStore|iPhoneSimulator.Build.0 = Release|Any CPU
		{BFAAD9EA-E16B-460C-960B-09669A5CF704}.AppStore|iPhoneSimulator.Deploy.0 = Release|Any CPU
		{BFAAD9EA-E16B-460C-960B-09669A5CF704}.Debug|Any CPU.ActiveCfg = Debug|Any CPU
		{BFAAD9EA-E16B-460C-960B-09669A5CF704}.Debug|Any CPU.Build.0 = Debug|Any CPU
		{BFAAD9EA-E16B-460C-960B-09669A5CF704}.Debug|Any CPU.Deploy.0 = Debug|Any CPU
		{BFAAD9EA-E16B-460C-960B-09669A5CF704}.Debug|iPhone.ActiveCfg = Debug|Any CPU
		{BFAAD9EA-E16B-460C-960B-09669A5CF704}.Debug|iPhone.Build.0 = Debug|Any CPU
		{BFAAD9EA-E16B-460C-960B-09669A5CF704}.Debug|iPhone.Deploy.0 = Debug|Any CPU
		{BFAAD9EA-E16B-460C-960B-09669A5CF704}.Debug|iPhoneSimulator.ActiveCfg = Debug|Any CPU
		{BFAAD9EA-E16B-460C-960B-09669A5CF704}.Debug|iPhoneSimulator.Build.0 = Debug|Any CPU
		{BFAAD9EA-E16B-460C-960B-09669A5CF704}.Debug|iPhoneSimulator.Deploy.0 = Debug|Any CPU
		{BFAAD9EA-E16B-460C-960B-09669A5CF704}.Release|Any CPU.ActiveCfg = Release|Any CPU
		{BFAAD9EA-E16B-460C-960B-09669A5CF704}.Release|Any CPU.Build.0 = Release|Any CPU
		{BFAAD9EA-E16B-460C-960B-09669A5CF704}.Release|Any CPU.Deploy.0 = Release|Any CPU
		{BFAAD9EA-E16B-460C-960B-09669A5CF704}.Release|iPhone.ActiveCfg = Release|Any CPU
		{BFAAD9EA-E16B-460C-960B-09669A5CF704}.Release|iPhone.Build.0 = Release|Any CPU
		{BFAAD9EA-E16B-460C-960B-09669A5CF704}.Release|iPhone.Deploy.0 = Release|Any CPU
		{BFAAD9EA-E16B-460C-960B-09669A5CF704}.Release|iPhoneSimulator.ActiveCfg = Release|Any CPU
		{BFAAD9EA-E16B-460C-960B-09669A5CF704}.Release|iPhoneSimulator.Build.0 = Release|Any CPU
		{BFAAD9EA-E16B-460C-960B-09669A5CF704}.Release|iPhoneSimulator.Deploy.0 = Release|Any CPU
		{58D2B320-EB41-490D-B84E-DF87784FC9E4}.Ad-Hoc|Any CPU.ActiveCfg = Ad-Hoc|iPhone
		{58D2B320-EB41-490D-B84E-DF87784FC9E4}.Ad-Hoc|iPhone.ActiveCfg = Ad-Hoc|iPhone
		{58D2B320-EB41-490D-B84E-DF87784FC9E4}.Ad-Hoc|iPhone.Build.0 = Ad-Hoc|iPhone
		{58D2B320-EB41-490D-B84E-DF87784FC9E4}.Ad-Hoc|iPhoneSimulator.ActiveCfg = Ad-Hoc|iPhoneSimulator
		{58D2B320-EB41-490D-B84E-DF87784FC9E4}.Ad-Hoc|iPhoneSimulator.Build.0 = Ad-Hoc|iPhoneSimulator
		{58D2B320-EB41-490D-B84E-DF87784FC9E4}.AppStore|Any CPU.ActiveCfg = AppStore|iPhone
		{58D2B320-EB41-490D-B84E-DF87784FC9E4}.AppStore|iPhone.ActiveCfg = AppStore|iPhone
		{58D2B320-EB41-490D-B84E-DF87784FC9E4}.AppStore|iPhone.Build.0 = AppStore|iPhone
		{58D2B320-EB41-490D-B84E-DF87784FC9E4}.AppStore|iPhoneSimulator.ActiveCfg = AppStore|iPhoneSimulator
		{58D2B320-EB41-490D-B84E-DF87784FC9E4}.AppStore|iPhoneSimulator.Build.0 = AppStore|iPhoneSimulator
		{58D2B320-EB41-490D-B84E-DF87784FC9E4}.Debug|Any CPU.ActiveCfg = Debug|iPhone
		{58D2B320-EB41-490D-B84E-DF87784FC9E4}.Debug|Any CPU.Build.0 = Debug|iPhone
		{58D2B320-EB41-490D-B84E-DF87784FC9E4}.Debug|iPhone.ActiveCfg = Debug|iPhone
		{58D2B320-EB41-490D-B84E-DF87784FC9E4}.Debug|iPhone.Build.0 = Debug|iPhone
		{58D2B320-EB41-490D-B84E-DF87784FC9E4}.Debug|iPhoneSimulator.ActiveCfg = Debug|iPhoneSimulator
		{58D2B320-EB41-490D-B84E-DF87784FC9E4}.Debug|iPhoneSimulator.Build.0 = Debug|iPhoneSimulator
		{58D2B320-EB41-490D-B84E-DF87784FC9E4}.Release|Any CPU.ActiveCfg = Release|iPhone
		{58D2B320-EB41-490D-B84E-DF87784FC9E4}.Release|iPhone.ActiveCfg = Release|iPhone
		{58D2B320-EB41-490D-B84E-DF87784FC9E4}.Release|iPhone.Build.0 = Release|iPhone
		{58D2B320-EB41-490D-B84E-DF87784FC9E4}.Release|iPhoneSimulator.ActiveCfg = Release|iPhoneSimulator
		{58D2B320-EB41-490D-B84E-DF87784FC9E4}.Release|iPhoneSimulator.Build.0 = Release|iPhoneSimulator
	EndGlobalSection
	GlobalSection(SolutionProperties) = preSolution
		HideSolutionNode = FALSE
	EndGlobalSection
	GlobalSection(ExtensibilityGlobals) = postSolution
		SolutionGuid = {8DBADEC0-E776-4479-95B6-A548A63032B3}
	EndGlobalSection
EndGlobal
